
Microsoft Visual Studio Solution File, Format Version 12.00
# Visual Studio Version 17
VisualStudioVersion = 17.4.33122.133
MinimumVisualStudioVersion = 10.0.40219.1
Project("{9A19103F-16F7-4668-BE54-9A1E7A4F7556}") = "ProjectTracking.Core", "ProjectTracking.Core\ProjectTracking.Core.csproj", "{2E48EE6F-FF92-4C5C-8C3D-CB9EBAABB015}"
EndProject
Project("{9A19103F-16F7-4668-BE54-9A1E7A4F7556}") = "ProjectTracking.Web", "ProjectTracking.Web\ProjectTracking.Web.csproj", "{F565AD12-3A4B-441B-AE83-7E6A7D7A0AD5}"
EndProject
Project("{9A19103F-16F7-4668-BE54-9A1E7A4F7556}") = "ProjectTracking.Data", "ProjectTracking.Data\ProjectTracking.Data.csproj", "{3480DB0E-E7BF-4B6C-B998-8FC376DB6FF7}"
EndProject
Project("{9A19103F-16F7-4668-BE54-9A1E7A4F7556}") = "ProjectTracking.Application", "ProjectTracking.Application\ProjectTracking.Application.csproj", "{BC0ABC5F-7566-4B56-A640-F4B820B587CD}"
EndProject
Project("{FAE04EC0-301F-11D3-BF4B-00C04F79EFBC}") = "ProjectTracking.Web.NotBroken", "ProjectTracking.Web.NotBroken\ProjectTracking.Web.NotBroken.csproj", "{B05C0863-7303-48B6-91B6-02FBF116FF87}"
EndProject
Global
	GlobalSection(SolutionConfigurationPlatforms) = preSolution
		Debug|Any CPU = Debug|Any CPU
		Release|Any CPU = Release|Any CPU
	EndGlobalSection
	GlobalSection(ProjectConfigurationPlatforms) = postSolution
		{2E48EE6F-FF92-4C5C-8C3D-CB9EBAABB015}.Debug|Any CPU.ActiveCfg = Debug|Any CPU
		{2E48EE6F-FF92-4C5C-8C3D-CB9EBAABB015}.Debug|Any CPU.Build.0 = Debug|Any CPU
		{2E48EE6F-FF92-4C5C-8C3D-CB9EBAABB015}.Release|Any CPU.ActiveCfg = Release|Any CPU
		{2E48EE6F-FF92-4C5C-8C3D-CB9EBAABB015}.Release|Any CPU.Build.0 = Release|Any CPU
		{F565AD12-3A4B-441B-AE83-7E6A7D7A0AD5}.Debug|Any CPU.ActiveCfg = Debug|Any CPU
		{F565AD12-3A4B-441B-AE83-7E6A7D7A0AD5}.Debug|Any CPU.Build.0 = Debug|Any CPU
		{F565AD12-3A4B-441B-AE83-7E6A7D7A0AD5}.Release|Any CPU.ActiveCfg = Release|Any CPU
		{F565AD12-3A4B-441B-AE83-7E6A7D7A0AD5}.Release|Any CPU.Build.0 = Release|Any CPU
		{3480DB0E-E7BF-4B6C-B998-8FC376DB6FF7}.Debug|Any CPU.ActiveCfg = Debug|Any CPU
		{3480DB0E-E7BF-4B6C-B998-8FC376DB6FF7}.Debug|Any CPU.Build.0 = Debug|Any CPU
		{3480DB0E-E7BF-4B6C-B998-8FC376DB6FF7}.Release|Any CPU.ActiveCfg = Release|Any CPU
		{3480DB0E-E7BF-4B6C-B998-8FC376DB6FF7}.Release|Any CPU.Build.0 = Release|Any CPU
		{BC0ABC5F-7566-4B56-A640-F4B820B587CD}.Debug|Any CPU.ActiveCfg = Debug|Any CPU
		{BC0ABC5F-7566-4B56-A640-F4B820B587CD}.Debug|Any CPU.Build.0 = Debug|Any CPU
		{BC0ABC5F-7566-4B56-A640-F4B820B587CD}.Release|Any CPU.ActiveCfg = Release|Any CPU
		{BC0ABC5F-7566-4B56-A640-F4B820B587CD}.Release|Any CPU.Build.0 = Release|Any CPU
		{B05C0863-7303-48B6-91B6-02FBF116FF87}.Debug|Any CPU.ActiveCfg = Debug|Any CPU
		{B05C0863-7303-48B6-91B6-02FBF116FF87}.Debug|Any CPU.Build.0 = Debug|Any CPU
		{B05C0863-7303-48B6-91B6-02FBF116FF87}.Release|Any CPU.ActiveCfg = Release|Any CPU
		{B05C0863-7303-48B6-91B6-02FBF116FF87}.Release|Any CPU.Build.0 = Release|Any CPU
	EndGlobalSection
	GlobalSection(SolutionProperties) = preSolution
		HideSolutionNode = FALSE
	EndGlobalSection
	GlobalSection(ExtensibilityGlobals) = postSolution
		SolutionGuid = {7FE346F3-7F32-4098-A03F-9E33B94E2067}
	EndGlobalSection
EndGlobal
